Microsoft Visual Studio Solution File, Format Version 10.00
# Visual C++ Express 2008
Project("{8BC9CEB8-8B4A-11D0-8D11-00A0C91BC942}") = "PKtool", "PKtool.vcproj", "{E74D1511-5C5E-487A-B902-6C4DA5B030D9}"
EndProject
Global
	GlobalSection(SolutionConfigurationPlatforms) = preSolution
		Debug|Win32 = Debug|Win32
		Release|Win32 = Release|Win32
	EndGlobalSection
	GlobalSection(ProjectConfigurationPlatforms) = postSolution
		{E74D1511-5C5E-487A-B902-6C4DA5B030D9}.Debug|Win32.ActiveCfg = Debug|Win32
		{E74D1511-5C5E-487A-B902-6C4DA5B030D9}.Debug|Win32.Build.0 = Debug|Win32
		{E74D1511-5C5E-487A-B902-6C4DA5B030D9}.Release|Win32.ActiveCfg = Release|Win32
		{E74D1511-5C5E-487A-B902-6C4DA5B030D9}.Release|Win32.Build.0 = Release|Win32
	EndGlobalSection
	GlobalSection(SolutionProperties) = preSolution
		HideSolutionNode = FALSE
	EndGlobalSection
EndGlobal
